// !$*UTF8*$!
{
	archiveVersion = 1;
	classes = {
	};
	objectVersion = 46;
	objects = {

/* Begin PBXBuildFile section */
		B13F666D1B6F526000879A05 /* main.m in Sources */ = {isa = PBXBuildFile; fileRef = B13F666C1B6F526000879A05 /* main.m */; };
		B13F66701B6F526000879A05 /* AppDelegate.m in Sources */ = {isa = PBXBuildFile; fileRef = B13F666F1B6F526000879A05 /* AppDelegate.m */; };
		B13F66721B6F526000879A05 /* Images.xcassets in Resources */ = {isa = PBXBuildFile; fileRef = B13F66711B6F526000879A05 /* Images.xcassets */; };
		B13F66751B6F526000879A05 /* LaunchScreen.xib in Resources */ = {isa = PBXBuildFile; fileRef = B13F66731B6F526000879A05 /* LaunchScreen.xib */; };
		B13F66811B6F526000879A05 /* noodleTests.m in Sources */ = {isa = PBXBuildFile; fileRef = B13F66801B6F526000879A05 /* noodleTests.m */; };
/* End PBXBuildFile section */

/* Begin PBXContainerItemProxy section */
		B13F667B1B6F526000879A05 /* PBXContainerItemProxy */ = {
			isa = PBXContainerItemProxy;
			containerPortal = B13F665F1B6F526000879A05 /* Project object */;
			proxyType = 1;
			remoteGlobalIDString = B13F66661B6F526000879A05;
			remoteInfo = noodle;
		};
/* End PBXContainerItemProxy section */

/* Begin PBXFileReference section */
		B13F66671B6F526000879A05 /* noodle.app */ = {isa = PBXFileReference; explicitFileType = wrapper.application; includeInIndex = 0; path = noodle.app; sourceTree = BUILT_PRODUCTS_DIR; };
		B13F666B1B6F526000879A05 /* Info.plist */ = {isa = PBXFileReference; lastKnownFileType = text.plist.xml; path = Info.plist; sourceTree = "<group>"; };
		B13F666C1B6F526000879A05 /* main.m */ = {isa = PBXFileReference; lastKnownFileType = sourcecode.c.objc; path = main.m; sourceTree = "<group>"; };
		B13F666E1B6F526000879A05 /* AppDelegate.h */ = {isa = PBXFileReference; lastKnownFileType = sourcecode.c.h; path = AppDelegate.h; sourceTree = "<group>"; };
		B13F666F1B6F526000879A05 /* AppDelegate.m */ = {isa = PBXFileReference; lastKnownFileType = sourcecode.c.objc; path = AppDelegate.m; sourceTree = "<group>"; };
		B13F66711B6F526000879A05 /* Images.xcassets */ = {isa = PBXFileReference; lastKnownFileType = folder.assetcatalog; path = Images.xcassets; sourceTree = "<group>"; };
		B13F66741B6F526000879A05 /* Base */ = {isa = PBXFileReference; lastKnownFileType = file.xib; name = Base; path = Base.lproj/LaunchScreen.xib; sourceTree = "<group>"; };
		B13F667A1B6F526000879A05 /* noodleTests.xctest */ = {isa = PBXFileReference; explicitFileType = wrapper.cfbundle; includeInIndex = 0; path = noodleTests.xctest; sourceTree = BUILT_PRODUCTS_DIR; };
		B13F667F1B6F526000879A05 /* Info.plist */ = {isa = PBXFileReference; lastKnownFileType = text.plist.xml; path = Info.plist; sourceTree = "<group>"; };
		B13F66801B6F526000879A05 /* noodleTests.m */ = {isa = PBXFileReference; lastKnownFileType = sourcecode.c.objc; path = noodleTests.m; sourceTree = "<group>"; };
/* End PBXFileReference section */

/* Begin PBXFrameworksBuildPhase section */
		B13F66641B6F526000879A05 /* Frameworks */ = {
			isa = PBXFrameworksBuildPhase;
			buildActionMask = 2147483647;
			files = (
			);
			runOnlyForDeploymentPostprocessing = 0;
		};
		B13F66771B6F526000879A05 /* Frameworks */ = {
			isa = PBXFrameworksBuildPhase;
			buildActionMask = 2147483647;
			files = (
			);
			runOnlyForDeploymentPostprocessing = 0;
		};
/* End PBXFrameworksBuildPhase section */

/* Begin PBXGroup section */
		B13F665E1B6F526000879A05 = {
			isa = PBXGroup;
			children = (
				B13F66691B6F526000879A05 /* noodle */,
				B13F667D1B6F526000879A05 /* noodleTests */,
				B13F66681B6F526000879A05 /* Products */,
			);
			sourceTree = "<group>";
		};
		B13F66681B6F526000879A05 /* Products */ = {
			isa = PBXGroup;
			children = (
				B13F66671B6F526000879A05 /* noodle.app */,
				B13F667A1B6F526000879A05 /* noodleTests.xctest */,
			);
			name = Products;
			sourceTree = "<group>";
		};
		B13F66691B6F526000879A05 /* noodle */ = {
			isa = PBXGroup;
			children = (
				B13F666E1B6F526000879A05 /* AppDelegate.h */,
				B13F666F1B6F526000879A05 /* AppDelegate.m */,
				B13F66711B6F526000879A05 /* Images.xcassets */,
				B13F66731B6F526000879A05 /* LaunchScreen.xib */,
				B13F666A1B6F526000879A05 /* Supporting Files */,
			);
			path = noodle;
			sourceTree = "<group>";
		};
		B13F666A1B6F526000879A05 /* Supporting Files */ = {
			isa = PBXGroup;
			children = (
				B13F666B1B6F526000879A05 /* Info.plist */,
				B13F666C1B6F526000879A05 /* main.m */,
			);
			name = "Supporting Files";
			sourceTree = "<group>";
		};
		B13F667D1B6F526000879A05 /* noodleTests */ = {
			isa = PBXGroup;
			children = (
				B13F66801B6F526000879A05 /* noodleTests.m */,
				B13F667E1B6F526000879A05 /* Supporting Files */,
			);
			path = noodleTests;
			sourceTree = "<group>";
		};
		B13F667E1B6F526000879A05 /* Supporting Files */ = {
			isa = PBXGroup;
			children = (
				B13F667F1B6F526000879A05 /* Info.plist */,
			);
			name = "Supporting Files";
			sourceTree = "<group>";
		};
/* End PBXGroup section */

/* Begin PBXNativeTarget section */
		B13F66661B6F526000879A05 /* noodle */ = {
			isa = PBXNativeTarget;
			buildConfigurationList = B13F66841B6F526000879A05 /* Build configuration list for PBXNativeTarget "noodle" */;
			buildPhases = (
				B13F66631B6F526000879A05 /* Sources */,
				B13F66641B6F526000879A05 /* Frameworks */,
				B13F66651B6F526000879A05 /* Resources */,
			);
			buildRules = (
			);
			dependencies = (
			);
			name = noodle;
			productName = noodle;
			productReference = B13F66671B6F526000879A05 /* noodle.app */;
			productType = "com.apple.product-type.application";
		};
		B13F66791B6F526000879A05 /* noodleTests */ = {
			isa = PBXNativeTarget;
			buildConfigurationList = B13F66871B6F526000879A05 /* Build configuration list for PBXNativeTarget "noodleTests" */;
			buildPhases = (
				B13F66761B6F526000879A05 /* Sources */,
				B13F66771B6F526000879A05 /* Frameworks */,
				B13F66781B6F526000879A05 /* Resources */,
			);
			buildRules = (
			);
			dependencies = (
				B13F667C1B6F526000879A05 /* PBXTargetDependency */,
			);
			name = noodleTests;
			productName = noodleTests;
			productReference = B13F667A1B6F526000879A05 /* noodleTests.xctest */;
			productType = "com.apple.product-type.bundle.unit-test";
		};
/* End PBXNativeTarget section */

/* Begin PBXProject section */
		B13F665F1B6F526000879A05 /* Project object */ = {
			isa = PBXProject;
			attributes = {
				LastUpgradeCheck = 0630;
				ORGANIZATIONNAME = zhs;
				TargetAttributes = {
					B13F66661B6F526000879A05 = {
						CreatedOnToolsVersion = 6.3.2;
					};
					B13F66791B6F526000879A05 = {
						CreatedOnToolsVersion = 6.3.2;
						TestTargetID = B13F66661B6F526000879A05;
					};
				};
			};
			buildConfigurationList = B13F66621B6F526000879A05 /* Build configuration list for PBXProject "noodle" */;
			compatibilityVersion = "Xcode 3.2";
			developmentRegion = English;
			hasScannedForEncodings = 0;
			knownRegions = (
				en,
				Base,
			);
			mainGroup = B13F665E1B6F526000879A05;
			productRefGroup = B13F66681B6F526000879A05 /* Products */;
			projectDirPath = "";
			projectRoot = "";
			targets = (
				B13F66661B6F526000879A05 /* noodle */,
				B13F66791B6F526000879A05 /* noodleTests */,
			);
		};
/* End PBXProject section */

/* Begin PBXResourcesBuildPhase section */
		B13F66651B6F526000879A05 /* Resources */ = {
			isa = PBXResourcesBuildPhase;
			buildActionMask = 2147483647;
			files = (
				B13F66751B6F526000879A05 /* LaunchScreen.xib in Resources */,
				B13F66721B6F526000879A05 /* Images.xcassets in Resources */,
			);
			runOnlyForDeploymentPostprocessing = 0;
		};
		B13F66781B6F526000879A05 /* Resources */ = {
			isa = PBXResourcesBuildPhase;
			buildActionMask = 2147483647;
			files = (
			);
			runOnlyForDeploymentPostprocessing = 0;
		};
/* End PBXResourcesBuildPhase section */

/* Begin PBXSourcesBuildPhase section */
		B13F66631B6F526000879A05 /* Sources */ = {
			isa = PBXSourcesBuildPhase;
			buildActionMask = 2147483647;
			files = (
				B13F66701B6F526000879A05 /* AppDelegate.m in Sources */,
				B13F666D1B6F526000879A05 /* main.m in Sources */,
			);
			runOnlyForDeploymentPostprocessing = 0;
		};
		B13F66761B6F526000879A05 /* Sources */ = {
			isa = PBXSourcesBuildPhase;
			buildActionMask = 2147483647;
			files = (
				B13F66811B6F526000879A05 /* noodleTests.m in Sources */,
			);
			runOnlyForDeploymentPostprocessing = 0;
		};
/* End PBXSourcesBuildPhase section */

/* Begin PBXTargetDependency section */
		B13F667C1B6F526000879A05 /* PBXTargetDependency */ = {
			isa = PBXTargetDependency;
			target = B13F66661B6F526000879A05 /* noodle */;
			targetProxy = B13F667B1B6F526000879A05 /* PBXContainerItemProxy */;
		};
/* End PBXTargetDependency section */

/* Begin PBXVariantGroup section */
		B13F66731B6F526000879A05 /* LaunchScreen.xib */ = {
			isa = PBXVariantGroup;
			children = (
				B13F66741B6F526000879A05 /* Base */,
			);
			name = LaunchScreen.xib;
			sourceTree = "<group>";
		};
/* End PBXVariantGroup section */

/* Begin XCBuildConfiguration section */
		B13F66821B6F526000879A05 /* Debug */ = {
			isa = XCBuildConfiguration;
			buildSettings = {
				ALWAYS_SEARCH_USER_PATHS = NO;
				CLANG_CXX_LANGUAGE_STANDARD = "gnu++0x";
				CLANG_CXX_LIBRARY = "libc++";
				CLANG_ENABLE_MODULES = YES;
				CLANG_ENABLE_OBJC_ARC = YES;
				CLANG_WARN_BOOL_CONVERSION = YES;
				CLANG_WARN_CONSTANT_CONVERSION = YES;
				CLANG_WARN_DIRECT_OBJC_ISA_USAGE = YES_ERROR;
				CLANG_WARN_EMPTY_BODY = YES;
				CLANG_WARN_ENUM_CONVERSION = YES;
				CLANG_WARN_INT_CONVERSION = YES;
				CLANG_WARN_OBJC_ROOT_CLASS = YES_ERROR;
				CLANG_WARN_UNREACHABLE_CODE = YES;
				CLANG_WARN__DUPLICATE_METHOD_MATCH = YES;
				"CODE_SIGN_IDENTITY[sdk=iphoneos*]" = "iPhone Developer";
				COPY_PHASE_STRIP = NO;
				DEBUG_INFORMATION_FORMAT = "dwarf-with-dsym";
				ENABLE_STRICT_OBJC_MSGSEND = YES;
				GCC_C_LANGUAGE_STANDARD = gnu99;
				GCC_DYNAMIC_NO_PIC = NO;
				GCC_NO_COMMON_BLOCKS = YES;
				GCC_OPTIMIZATION_LEVEL = 0;
				GCC_PREPROCESSOR_DEFINITIONS = (
					"DEBUG=1",
					"$(inherited)",
				);
				GCC_SYMBOLS_PRIVATE_EXTERN = NO;
				GCC_WARN_64_TO_32_BIT_CONVERSION = YES;
				GCC_WARN_ABOUT_RETURN_TYPE = YES_ERROR;
				GCC_WARN_UNDECLARED_SELECTOR = YES;
				GCC_WARN_UNINITIALIZED_AUTOS = YES_AGGRESSIVE;
				GCC_WARN_UNUSED_FUNCTION = YES;
				GCC_WARN_UNUSED_VARIABLE = YES;
				IPHONEOS_DEPLOYMENT_TARGET = 8.3;
				MTL_ENABLE_DEBUG_INFO = YES;
				ONLY_ACTIVE_ARCH = YES;
				SDKROOT = iphoneos;
				TARGETED_DEVICE_FAMILY = 2;
			};
			name = Debug;
		};
		B13F66831B6F526000879A05 /* Release */ = {
			isa = XCBuildConfiguration;
			buildSettings = {
				ALWAYS_SEARCH_USER_PATHS = NO;
				CLANG_CXX_LANGUAGE_STANDARD = "gnu++0x";
				CLANG_CXX_LIBRARY = "libc++";
				CLANG_ENABLE_MODULES = YES;
				CLANG_ENABLE_OBJC_ARC = YES;
				CLANG_WARN_BOOL_CONVERSION = YES;
				CLANG_WARN_CONSTANT_CONVERSION = YES;
				CLANG_WARN_DIRECT_OBJC_ISA_USAGE = YES_ERROR;
				CLANG_WARN_EMPTY_BODY = YES;
				CLANG_WARN_ENUM_CONVERSION = YES;
				CLANG_WARN_INT_CONVERSION = YES;
				CLANG_WARN_OBJC_ROOT_CLASS = YES_ERROR;
				CLANG_WARN_UNREACHABLE_CODE = YES;
				CLANG_WARN__DUPLICATE_METHOD_MATCH = YES;
				"CODE_SIGN_IDENTITY[sdk=iphoneos*]" = "iPhone Developer";
				COPY_PHASE_STRIP = NO;
				DEBUG_INFORMATION_FORMAT = "dwarf-with-dsym";
				ENABLE_NS_ASSERTIONS = NO;
				ENABLE_STRICT_OBJC_MSGSEND = YES;
				GCC_C_LANGUAGE_STANDARD = gnu99;
				GCC_NO_COMMON_BLOCKS = YES;
				GCC_WARN_64_TO_32_BIT_CONVERSION = YES;
				GCC_WARN_ABOUT_RETURN_TYPE = YES_ERROR;
				GCC_WARN_UNDECLARED_SELECTOR = YES;
				GCC_WARN_UNINITIALIZED_AUTOS = YES_AGGRESSIVE;
				GCC_WARN_UNUSED_FUNCTION = YES;
				GCC_WARN_UNUSED_VARIABLE = YES;
				IPHONEOS_DEPLOYMENT_TARGET = 8.3;
				MTL_ENABLE_DEBUG_INFO = NO;
				SDKROOT = iphoneos;
				TARGETED_DEVICE_FAMILY = 2;
				VALIDATE_PRODUCT = YES;
			};
			name = Release;
		};
		B13F66851B6F526000879A05 /* Debug */ = {
			isa = XCBuildConfiguration;
			buildSettings = {
				ASSETCATALOG_COMPILER_APPICON_NAME = AppIcon;
				INFOPLIST_FILE = noodle/Info.plist;
				LD_RUNPATH_SEARCH_PATHS = "$(inherited) @executable_path/Frameworks";
				PRODUCT_NAME = "$(TARGET_NAME)";
			};
			name = Debug;
		};
		B13F66861B6F526000879A05 /* Release */ = {
			isa = XCBuildConfiguration;
			buildSettings = {
				ASSETCATALOG_COMPILER_APPICON_NAME = AppIcon;
				INFOPLIST_FILE = noodle/Info.plist;
				LD_RUNPATH_SEARCH_PATHS = "$(inherited) @executable_path/Frameworks";
				PRODUCT_NAME = "$(TARGET_NAME)";
			};
			name = Release;
		};
		B13F66881B6F526000879A05 /* Debug */ = {
			isa = XCBuildConfiguration;
			buildSettings = {
				BUNDLE_LOADER = "$(TEST_HOST)";
				FRAMEWORK_SEARCH_PATHS = (
					"$(SDKROOT)/Developer/Library/Frameworks",
					"$(inherited)",
				);
				GCC_PREPROCESSOR_DEFINITIONS = (
					"DEBUG=1",
					"$(inherited)",
				);
				INFOPLIST_FILE = noodleTests/Info.plist;
				LD_RUNPATH_SEARCH_PATHS = "$(inherited) @executable_path/Frameworks @loader_path/Frameworks";
				PRODUCT_NAME = "$(TARGET_NAME)";
				TEST_HOST = "$(BUILT_PRODUCTS_DIR)/noodle.app/noodle";
			};
			name = Debug;
		};
		B13F66891B6F526000879A05 /* Release */ = {
			isa = XCBuildConfiguration;
			buildSettings = {
				BUNDLE_LOADER = "$(TEST_HOST)";
				FRAMEWORK_SEARCH_PATHS = (
					"$(SDKROOT)/Developer/Library/Frameworks",
					"$(inherited)",
				);
				INFOPLIST_FILE = noodleTests/Info.plist;
				LD_RUNPATH_SEARCH_PATHS = "$(inherited) @executable_path/Frameworks @loader_path/Frameworks";
				PRODUCT_NAME = "$(TARGET_NAME)";
				TEST_HOST = "$(BUILT_PRODUCTS_DIR)/noodle.app/noodle";
			};
			name = Release;
		};
/* End XCBuildConfiguration section */

/* Begin XCConfigurationList section */
		B13F66621B6F526000879A05 /* Build configuration list for PBXProject "noodle" */ = {
			isa = XCConfigurationList;
			buildConfigurations = (
				B13F66821B6F526000879A05 /* Debug */,
				B13F66831B6F526000879A05 /* Release */,
			);
			defaultConfigurationIsVisible = 0;
			defaultConfigurationName = Release;
		};
		B13F66841B6F526000879A05 /* Build configuration list for PBXNativeTarget "noodle" */ = {
			isa = XCConfigurationList;
			buildConfigurations = (
				B13F66851B6F526000879A05 /* Debug */,
				B13F66861B6F526000879A05 /* Release */,
			);
			defaultConfigurationIsVisible = 0;
		};
		B13F66871B6F526000879A05 /* Build configuration list for PBXNativeTarget "noodleTests" */ = {
			isa = XCConfigurationList;
			buildConfigurations = (
				B13F66881B6F526000879A05 /* Debug */,
				B13F66891B6F526000879A05 /* Release */,
			);
			defaultConfigurationIsVisible = 0;
		};
/* End XCConfigurationList section */
	};
	rootObject = B13F665F1B6F526000879A05 /* Project object */;
}
